{
  "name": "insomnia-to-postman-converter",
  "version": "1.0.0",
  "lockfileVersion": 2,
  "requires": true,
  "packages": {
    "": {
      "name": "insomnia-to-postman-converter",
      "version": "1.0.0",
      "license": "ISC",
      "dependencies": {
        "har2postman": "^0.7.0"
      }
    },
    "node_modules/har2postman": {
      "version": "0.7.0",
      "resolved": "https://registry.npmjs.org/har2postman/-/har2postman-0.7.0.tgz",
      "integrity": "sha512-/OwENES91rS4hdeeDBBf4H3ns1QWu11cqW8z90JrGx3Dmm3uOKx0HVJIOjqNItEIo6pEFa30HqgRyQVEN/xp5g=="
    }
  },
  "dependencies": {
    "har2postman": {
      "version": "0.7.0",
      "resolved": "https://registry.npmjs.org/har2postman/-/har2postman-0.7.0.tgz",
      "integrity": "sha512-/OwENES91rS4hdeeDBBf4H3ns1QWu11cqW8z90JrGx3Dmm3uOKx0HVJIOjqNItEIo6pEFa30HqgRyQVEN/xp5g=="
    }
  }
}
